// !$*UTF8*$!
{
	archiveVersion = 1;
	classes = {
	};
	objectVersion = 46;
	objects = {

/* Begin PBXBuildFile section */
		D42D1CA31BE1ED7A00B8104F /* AppDelegate.swift in Sources */ = {isa = PBXBuildFile; fileRef = D42D1CA21BE1ED7A00B8104F /* AppDelegate.swift */; };
		D42D1CA51BE1ED7A00B8104F /* ViewController.swift in Sources */ = {isa = PBXBuildFile; fileRef = D42D1CA41BE1ED7A00B8104F /* ViewController.swift */; };
		D42D1CA81BE1ED7A00B8104F /* Main.storyboard in Resources */ = {isa = PBXBuildFile; fileRef = D42D1CA61BE1ED7A00B8104F /* Main.storyboard */; };
		D42D1CAA1BE1ED7A00B8104F /* Assets.xcassets in Resources */ = {isa = PBXBuildFile; fileRef = D42D1CA91BE1ED7A00B8104F /* Assets.xcassets */; };
		D42D1CAD1BE1ED7A00B8104F /* LaunchScreen.storyboard in Resources */ = {isa = PBXBuildFile; fileRef = D42D1CAB1BE1ED7A00B8104F /* LaunchScreen.storyboard */; };
		D42D1CB81BE1ED7B00B8104F /* iBeaconDemoAppTests.swift in Sources */ = {isa = PBXBuildFile; fileRef = D42D1CB71BE1ED7B00B8104F /* iBeaconDemoAppTests.swift */; };
		D42D1CC31BE1ED7B00B8104F /* iBeaconDemoAppUITests.swift in Sources */ = {isa = PBXBuildFile; fileRef = D42D1CC21BE1ED7B00B8104F /* iBeaconDemoAppUITests.swift */; };
/* End PBXBuildFile section */

/* Begin PBXContainerItemProxy section */
		D42D1CB41BE1ED7B00B8104F /* PBXContainerItemProxy */ = {
			isa = PBXContainerItemProxy;
			containerPortal = D42D1C971BE1ED7A00B8104F /* Project object */;
			proxyType = 1;
			remoteGlobalIDString = D42D1C9E1BE1ED7A00B8104F;
			remoteInfo = iBeaconDemoApp;
		};
		D42D1CBF1BE1ED7B00B8104F /* PBXContainerItemProxy */ = {
			isa = PBXContainerItemProxy;
			containerPortal = D42D1C971BE1ED7A00B8104F /* Project object */;
			proxyType = 1;
			remoteGlobalIDString = D42D1C9E1BE1ED7A00B8104F;
			remoteInfo = iBeaconDemoApp;
		};
/* End PBXContainerItemProxy section */

/* Begin PBXFileReference section */
		D42D1C9F1BE1ED7A00B8104F /* iBeaconDemoApp.app */ = {isa = PBXFileReference; explicitFileType = wrapper.application; includeInIndex = 0; path = iBeaconDemoApp.app; sourceTree = BUILT_PRODUCTS_DIR; };
		D42D1CA21BE1ED7A00B8104F /* AppDelegate.swift */ = {isa = PBXFileReference; lastKnownFileType = sourcecode.swift; path = AppDelegate.swift; sourceTree = "<group>"; };
		D42D1CA41BE1ED7A00B8104F /* ViewController.swift */ = {isa = PBXFileReference; lastKnownFileType = sourcecode.swift; path = ViewController.swift; sourceTree = "<group>"; };
		D42D1CA71BE1ED7A00B8104F /* Base */ = {isa = PBXFileReference; lastKnownFileType = file.storyboard; name = Base; path = Base.lproj/Main.storyboard; sourceTree = "<group>"; };
		D42D1CA91BE1ED7A00B8104F /* Assets.xcassets */ = {isa = PBXFileReference; lastKnownFileType = folder.assetcatalog; path = Assets.xcassets; sourceTree = "<group>"; };
		D42D1CAC1BE1ED7A00B8104F /* Base */ = {isa = PBXFileReference; lastKnownFileType = file.storyboard; name = Base; path = Base.lproj/LaunchScreen.storyboard; sourceTree = "<group>"; };
		D42D1CAE1BE1ED7A00B8104F /* Info.plist */ = {isa = PBXFileReference; lastKnownFileType = text.plist.xml; path = Info.plist; sourceTree = "<group>"; };
		D42D1CB31BE1ED7B00B8104F /* iBeaconDemoAppTests.xctest */ = {isa = PBXFileReference; explicitFileType = wrapper.cfbundle; includeInIndex = 0; path = iBeaconDemoAppTests.xctest; sourceTree = BUILT_PRODUCTS_DIR; };
		D42D1CB71BE1ED7B00B8104F /* iBeaconDemoAppTests.swift */ = {isa = PBXFileReference; lastKnownFileType = sourcecode.swift; path = iBeaconDemoAppTests.swift; sourceTree = "<group>"; };
		D42D1CB91BE1ED7B00B8104F /* Info.plist */ = {isa = PBXFileReference; lastKnownFileType = text.plist.xml; path = Info.plist; sourceTree = "<group>"; };
		D42D1CBE1BE1ED7B00B8104F /* iBeaconDemoAppUITests.xctest */ = {isa = PBXFileReference; explicitFileType = wrapper.cfbundle; includeInIndex = 0; path = iBeaconDemoAppUITests.xctest; sourceTree = BUILT_PRODUCTS_DIR; };
		D42D1CC21BE1ED7B00B8104F /* iBeaconDemoAppUITests.swift */ = {isa = PBXFileReference; lastKnownFileType = sourcecode.swift; path = iBeaconDemoAppUITests.swift; sourceTree = "<group>"; };
		D42D1CC41BE1ED7B00B8104F /* Info.plist */ = {isa = PBXFileReference; lastKnownFileType = text.plist.xml; path = Info.plist; sourceTree = "<group>"; };
/* End PBXFileReference section */

/* Begin PBXFrameworksBuildPhase section */
		D42D1C9C1BE1ED7A00B8104F /* Frameworks */ = {
			isa = PBXFrameworksBuildPhase;
			buildActionMask = 2147483647;
			files = (
			);
			runOnlyForDeploymentPostprocessing = 0;
		};
		D42D1CB01BE1ED7B00B8104F /* Frameworks */ = {
			isa = PBXFrameworksBuildPhase;
			buildActionMask = 2147483647;
			files = (
			);
			runOnlyForDeploymentPostprocessing = 0;
		};
		D42D1CBB1BE1ED7B00B8104F /* Frameworks */ = {
			isa = PBXFrameworksBuildPhase;
			buildActionMask = 2147483647;
			files = (
			);
			runOnlyForDeploymentPostprocessing = 0;
		};
/* End PBXFrameworksBuildPhase section */

/* Begin PBXGroup section */
		D42D1C961BE1ED7A00B8104F = {
			isa = PBXGroup;
			children = (
				D42D1CA11BE1ED7A00B8104F /* iBeaconDemoApp */,
				D42D1CB61BE1ED7B00B8104F /* iBeaconDemoAppTests */,
				D42D1CC11BE1ED7B00B8104F /* iBeaconDemoAppUITests */,
				D42D1CA01BE1ED7A00B8104F /* Products */,
			);
			sourceTree = "<group>";
		};
		D42D1CA01BE1ED7A00B8104F /* Products */ = {
			isa = PBXGroup;
			children = (
				D42D1C9F1BE1ED7A00B8104F /* iBeaconDemoApp.app */,
				D42D1CB31BE1ED7B00B8104F /* iBeaconDemoAppTests.xctest */,
				D42D1CBE1BE1ED7B00B8104F /* iBeaconDemoAppUITests.xctest */,
			);
			name = Products;
			sourceTree = "<group>";
		};
		D42D1CA11BE1ED7A00B8104F /* iBeaconDemoApp */ = {
			isa = PBXGroup;
			children = (
				D42D1CA21BE1ED7A00B8104F /* AppDelegate.swift */,
				D42D1CA41BE1ED7A00B8104F /* ViewController.swift */,
				D42D1CA61BE1ED7A00B8104F /* Main.storyboard */,
				D42D1CA91BE1ED7A00B8104F /* Assets.xcassets */,
				D42D1CAB1BE1ED7A00B8104F /* LaunchScreen.storyboard */,
				D42D1CAE1BE1ED7A00B8104F /* Info.plist */,
			);
			path = iBeaconDemoApp;
			sourceTree = "<group>";
		};
		D42D1CB61BE1ED7B00B8104F /* iBeaconDemoAppTests */ = {
			isa = PBXGroup;
			children = (
				D42D1CB71BE1ED7B00B8104F /* iBeaconDemoAppTests.swift */,
				D42D1CB91BE1ED7B00B8104F /* Info.plist */,
			);
			path = iBeaconDemoAppTests;
			sourceTree = "<group>";
		};
		D42D1CC11BE1ED7B00B8104F /* iBeaconDemoAppUITests */ = {
			isa = PBXGroup;
			children = (
				D42D1CC21BE1ED7B00B8104F /* iBeaconDemoAppUITests.swift */,
				D42D1CC41BE1ED7B00B8104F /* Info.plist */,
			);
			path = iBeaconDemoAppUITests;
			sourceTree = "<group>";
		};
/* End PBXGroup section */

/* Begin PBXNativeTarget section */
		D42D1C9E1BE1ED7A00B8104F /* iBeaconDemoApp */ = {
			isa = PBXNativeTarget;
			buildConfigurationList = D42D1CC71BE1ED7B00B8104F /* Build configuration list for PBXNativeTarget "iBeaconDemoApp" */;
			buildPhases = (
				D42D1C9B1BE1ED7A00B8104F /* Sources */,
				D42D1C9C1BE1ED7A00B8104F /* Frameworks */,
				D42D1C9D1BE1ED7A00B8104F /* Resources */,
			);
			buildRules = (
			);
			dependencies = (
			);
			name = iBeaconDemoApp;
			productName = iBeaconDemoApp;
			productReference = D42D1C9F1BE1ED7A00B8104F /* iBeaconDemoApp.app */;
			productType = "com.apple.product-type.application";
		};
		D42D1CB21BE1ED7B00B8104F /* iBeaconDemoAppTests */ = {
			isa = PBXNativeTarget;
			buildConfigurationList = D42D1CCA1BE1ED7B00B8104F /* Build configuration list for PBXNativeTarget "iBeaconDemoAppTests" */;
			buildPhases = (
				D42D1CAF1BE1ED7B00B8104F /* Sources */,
				D42D1CB01BE1ED7B00B8104F /* Frameworks */,
				D42D1CB11BE1ED7B00B8104F /* Resources */,
			);
			buildRules = (
			);
			dependencies = (
				D42D1CB51BE1ED7B00B8104F /* PBXTargetDependency */,
			);
			name = iBeaconDemoAppTests;
			productName = iBeaconDemoAppTests;
			productReference = D42D1CB31BE1ED7B00B8104F /* iBeaconDemoAppTests.xctest */;
			productType = "com.apple.product-type.bundle.unit-test";
		};
		D42D1CBD1BE1ED7B00B8104F /* iBeaconDemoAppUITests */ = {
			isa = PBXNativeTarget;
			buildConfigurationList = D42D1CCD1BE1ED7B00B8104F /* Build configuration list for PBXNativeTarget "iBeaconDemoAppUITests" */;
			buildPhases = (
				D42D1CBA1BE1ED7B00B8104F /* Sources */,
				D42D1CBB1BE1ED7B00B8104F /* Frameworks */,
				D42D1CBC1BE1ED7B00B8104F /* Resources */,
			);
			buildRules = (
			);
			dependencies = (
				D42D1CC01BE1ED7B00B8104F /* PBXTargetDependency */,
			);
			name = iBeaconDemoAppUITests;
			productName = iBeaconDemoAppUITests;
			productReference = D42D1CBE1BE1ED7B00B8104F /* iBeaconDemoAppUITests.xctest */;
			productType = "com.apple.product-type.bundle.ui-testing";
		};
/* End PBXNativeTarget section */

/* Begin PBXProject section */
		D42D1C971BE1ED7A00B8104F /* Project object */ = {
			isa = PBXProject;
			attributes = {
				LastSwiftUpdateCheck = 0710;
				LastUpgradeCheck = 0710;
				ORGANIZATIONNAME = "田栗信昭";
				TargetAttributes = {
					D42D1C9E1BE1ED7A00B8104F = {
						CreatedOnToolsVersion = 7.1;
						DevelopmentTeam = 3BYXP32G8X;
					};
					D42D1CB21BE1ED7B00B8104F = {
						CreatedOnToolsVersion = 7.1;
						DevelopmentTeam = 3BYXP32G8X;
						TestTargetID = D42D1C9E1BE1ED7A00B8104F;
					};
					D42D1CBD1BE1ED7B00B8104F = {
						CreatedOnToolsVersion = 7.1;
						DevelopmentTeam = 3BYXP32G8X;
						TestTargetID = D42D1C9E1BE1ED7A00B8104F;
					};
				};
			};
			buildConfigurationList = D42D1C9A1BE1ED7A00B8104F /* Build configuration list for PBXProject "iBeaconDemoApp" */;
			compatibilityVersion = "Xcode 3.2";
			developmentRegion = English;
			hasScannedForEncodings = 0;
			knownRegions = (
				en,
				Base,
			);
			mainGroup = D42D1C961BE1ED7A00B8104F;
			productRefGroup = D42D1CA01BE1ED7A00B8104F /* Products */;
			projectDirPath = "";
			projectRoot = "";
			targets = (
				D42D1C9E1BE1ED7A00B8104F /* iBeaconDemoApp */,
				D42D1CB21BE1ED7B00B8104F /* iBeaconDemoAppTests */,
				D42D1CBD1BE1ED7B00B8104F /* iBeaconDemoAppUITests */,
			);
		};
/* End PBXProject section */

/* Begin PBXResourcesBuildPhase section */
		D42D1C9D1BE1ED7A00B8104F /* Resources */ = {
			isa = PBXResourcesBuildPhase;
			buildActionMask = 2147483647;
			files = (
				D42D1CAD1BE1ED7A00B8104F /* LaunchScreen.storyboard in Resources */,
				D42D1CAA1BE1ED7A00B8104F /* Assets.xcassets in Resources */,
				D42D1CA81BE1ED7A00B8104F /* Main.storyboard in Resources */,
			);
			runOnlyForDeploymentPostprocessing = 0;
		};
		D42D1CB11BE1ED7B00B8104F /* Resources */ = {
			isa = PBXResourcesBuildPhase;
			buildActionMask = 2147483647;
			files = (
			);
			runOnlyForDeploymentPostprocessing = 0;
		};
		D42D1CBC1BE1ED7B00B8104F /* Resources */ = {
			isa = PBXResourcesBuildPhase;
			buildActionMask = 2147483647;
			files = (
			);
			runOnlyForDeploymentPostprocessing = 0;
		};
/* End PBXResourcesBuildPhase section */

/* Begin PBXSourcesBuildPhase section */
		D42D1C9B1BE1ED7A00B8104F /* Sources */ = {
			isa = PBXSourcesBuildPhase;
			buildActionMask = 2147483647;
			files = (
				D42D1CA51BE1ED7A00B8104F /* ViewController.swift in Sources */,
				D42D1CA31BE1ED7A00B8104F /* AppDelegate.swift in Sources */,
			);
			runOnlyForDeploymentPostprocessing = 0;
		};
		D42D1CAF1BE1ED7B00B8104F /* Sources */ = {
			isa = PBXSourcesBuildPhase;
			buildActionMask = 2147483647;
			files = (
				D42D1CB81BE1ED7B00B8104F /* iBeaconDemoAppTests.swift in Sources */,
			);
			runOnlyForDeploymentPostprocessing = 0;
		};
		D42D1CBA1BE1ED7B00B8104F /* Sources */ = {
			isa = PBXSourcesBuildPhase;
			buildActionMask = 2147483647;
			files = (
				D42D1CC31BE1ED7B00B8104F /* iBeaconDemoAppUITests.swift in Sources */,
			);
			runOnlyForDeploymentPostprocessing = 0;
		};
/* End PBXSourcesBuildPhase section */

/* Begin PBXTargetDependency section */
		D42D1CB51BE1ED7B00B8104F /* PBXTargetDependency */ = {
			isa = PBXTargetDependency;
			target = D42D1C9E1BE1ED7A00B8104F /* iBeaconDemoApp */;
			targetProxy = D42D1CB41BE1ED7B00B8104F /* PBXContainerItemProxy */;
		};
		D42D1CC01BE1ED7B00B8104F /* PBXTargetDependency */ = {
			isa = PBXTargetDependency;
			target = D42D1C9E1BE1ED7A00B8104F /* iBeaconDemoApp */;
			targetProxy = D42D1CBF1BE1ED7B00B8104F /* PBXContainerItemProxy */;
		};
/* End PBXTargetDependency section */

/* Begin PBXVariantGroup section */
		D42D1CA61BE1ED7A00B8104F /* Main.storyboard */ = {
			isa = PBXVariantGroup;
			children = (
				D42D1CA71BE1ED7A00B8104F /* Base */,
			);
			name = Main.storyboard;
			sourceTree = "<group>";
		};
		D42D1CAB1BE1ED7A00B8104F /* LaunchScreen.storyboard */ = {
			isa = PBXVariantGroup;
			children = (
				D42D1CAC1BE1ED7A00B8104F /* Base */,
			);
			name = LaunchScreen.storyboard;
			sourceTree = "<group>";
		};
/* End PBXVariantGroup section */

/* Begin XCBuildConfiguration section */
		D42D1CC51BE1ED7B00B8104F /* Debug */ = {
			isa = XCBuildConfiguration;
			buildSettings = {
				ALWAYS_SEARCH_USER_PATHS = NO;
				CLANG_CXX_LANGUAGE_STANDARD = "gnu++0x";
				CLANG_CXX_LIBRARY = "libc++";
				CLANG_ENABLE_MODULES = YES;
				CLANG_ENABLE_OBJC_ARC = YES;
				CLANG_WARN_BOOL_CONVERSION = YES;
				CLANG_WARN_CONSTANT_CONVERSION = YES;
				CLANG_WARN_DIRECT_OBJC_ISA_USAGE = YES_ERROR;
				CLANG_WARN_EMPTY_BODY = YES;
				CLANG_WARN_ENUM_CONVERSION = YES;
				CLANG_WARN_INT_CONVERSION = YES;
				CLANG_WARN_OBJC_ROOT_CLASS = YES_ERROR;
				CLANG_WARN_UNREACHABLE_CODE = YES;
				CLANG_WARN__DUPLICATE_METHOD_MATCH = YES;
				"CODE_SIGN_IDENTITY[sdk=iphoneos*]" = "iPhone Developer";
				COPY_PHASE_STRIP = NO;
				DEBUG_INFORMATION_FORMAT = dwarf;
				ENABLE_STRICT_OBJC_MSGSEND = YES;
				ENABLE_TESTABILITY = YES;
				GCC_C_LANGUAGE_STANDARD = gnu99;
				GCC_DYNAMIC_NO_PIC = NO;
				GCC_NO_COMMON_BLOCKS = YES;
				GCC_OPTIMIZATION_LEVEL = 0;
				GCC_PREPROCESSOR_DEFINITIONS = (
					"DEBUG=1",
					"$(inherited)",
				);
				GCC_WARN_64_TO_32_BIT_CONVERSION = YES;
				GCC_WARN_ABOUT_RETURN_TYPE = YES_ERROR;
				GCC_WARN_UNDECLARED_SELECTOR = YES;
				GCC_WARN_UNINITIALIZED_AUTOS = YES_AGGRESSIVE;
				GCC_WARN_UNUSED_FUNCTION = YES;
				GCC_WARN_UNUSED_VARIABLE = YES;
				IPHONEOS_DEPLOYMENT_TARGET = 9.1;
				MTL_ENABLE_DEBUG_INFO = YES;
				ONLY_ACTIVE_ARCH = YES;
				SDKROOT = iphoneos;
				SWIFT_OPTIMIZATION_LEVEL = "-Onone";
				TARGETED_DEVICE_FAMILY = "1,2";
			};
			name = Debug;
		};
		D42D1CC61BE1ED7B00B8104F /* Release */ = {
			isa = XCBuildConfiguration;
			buildSettings = {
				ALWAYS_SEARCH_USER_PATHS = NO;
				CLANG_CXX_LANGUAGE_STANDARD = "gnu++0x";
				CLANG_CXX_LIBRARY = "libc++";
				CLANG_ENABLE_MODULES = YES;
				CLANG_ENABLE_OBJC_ARC = YES;
				CLANG_WARN_BOOL_CONVERSION = YES;
				CLANG_WARN_CONSTANT_CONVERSION = YES;
				CLANG_WARN_DIRECT_OBJC_ISA_USAGE = YES_ERROR;
				CLANG_WARN_EMPTY_BODY = YES;
				CLANG_WARN_ENUM_CONVERSION = YES;
				CLANG_WARN_INT_CONVERSION = YES;
				CLANG_WARN_OBJC_ROOT_CLASS = YES_ERROR;
				CLANG_WARN_UNREACHABLE_CODE = YES;
				CLANG_WARN__DUPLICATE_METHOD_MATCH = YES;
				"CODE_SIGN_IDENTITY[sdk=iphoneos*]" = "iPhone Developer";
				COPY_PHASE_STRIP = NO;
				DEBUG_INFORMATION_FORMAT = "dwarf-with-dsym";
				ENABLE_NS_ASSERTIONS = NO;
				ENABLE_STRICT_OBJC_MSGSEND = YES;
				GCC_C_LANGUAGE_STANDARD = gnu99;
				GCC_NO_COMMON_BLOCKS = YES;
				GCC_WARN_64_TO_32_BIT_CONVERSION = YES;
				GCC_WARN_ABOUT_RETURN_TYPE = YES_ERROR;
				GCC_WARN_UNDECLARED_SELECTOR = YES;
				GCC_WARN_UNINITIALIZED_AUTOS = YES_AGGRESSIVE;
				GCC_WARN_UNUSED_FUNCTION = YES;
				GCC_WARN_UNUSED_VARIABLE = YES;
				IPHONEOS_DEPLOYMENT_TARGET = 9.1;
				MTL_ENABLE_DEBUG_INFO = NO;
				SDKROOT = iphoneos;
				TARGETED_DEVICE_FAMILY = "1,2";
				VALIDATE_PRODUCT = YES;
			};
			name = Release;
		};
		D42D1CC81BE1ED7B00B8104F /* Debug */ = {
			isa = XCBuildConfiguration;
			buildSettings = {
				ASSETCATALOG_COMPILER_APPICON_NAME = AppIcon;
				INFOPLIST_FILE = iBeaconDemoApp/Info.plist;
				LD_RUNPATH_SEARCH_PATHS = "$(inherited) @executable_path/Frameworks";
				PRODUCT_BUNDLE_IDENTIFIER = jp.gicon.iBeaconDemoApp;
				PRODUCT_NAME = "$(TARGET_NAME)";
			};
			name = Debug;
		};
		D42D1CC91BE1ED7B00B8104F /* Release */ = {
			isa = XCBuildConfiguration;
			buildSettings = {
				ASSETCATALOG_COMPILER_APPICON_NAME = AppIcon;
				INFOPLIST_FILE = iBeaconDemoApp/Info.plist;
				LD_RUNPATH_SEARCH_PATHS = "$(inherited) @executable_path/Frameworks";
				PRODUCT_BUNDLE_IDENTIFIER = jp.gicon.iBeaconDemoApp;
				PRODUCT_NAME = "$(TARGET_NAME)";
			};
			name = Release;
		};
		D42D1CCB1BE1ED7B00B8104F /* Debug */ = {
			isa = XCBuildConfiguration;
			buildSettings = {
				BUNDLE_LOADER = "$(TEST_HOST)";
				INFOPLIST_FILE = iBeaconDemoAppTests/Info.plist;
				LD_RUNPATH_SEARCH_PATHS = "$(inherited) @executable_path/Frameworks @loader_path/Frameworks";
				PRODUCT_BUNDLE_IDENTIFIER = jp.gicon.iBeaconDemoAppTests;
				PRODUCT_NAME = "$(TARGET_NAME)";
				TEST_HOST = "$(BUILT_PRODUCTS_DIR)/iBeaconDemoApp.app/iBeaconDemoApp";
			};
			name = Debug;
		};
		D42D1CCC1BE1ED7B00B8104F /* Release */ = {
			isa = XCBuildConfiguration;
			buildSettings = {
				BUNDLE_LOADER = "$(TEST_HOST)";
				INFOPLIST_FILE = iBeaconDemoAppTests/Info.plist;
				LD_RUNPATH_SEARCH_PATHS = "$(inherited) @executable_path/Frameworks @loader_path/Frameworks";
				PRODUCT_BUNDLE_IDENTIFIER = jp.gicon.iBeaconDemoAppTests;
				PRODUCT_NAME = "$(TARGET_NAME)";
				TEST_HOST = "$(BUILT_PRODUCTS_DIR)/iBeaconDemoApp.app/iBeaconDemoApp";
			};
			name = Release;
		};
		D42D1CCE1BE1ED7B00B8104F /* Debug */ = {
			isa = XCBuildConfiguration;
			buildSettings = {
				INFOPLIST_FILE = iBeaconDemoAppUITests/Info.plist;
				LD_RUNPATH_SEARCH_PATHS = "$(inherited) @executable_path/Frameworks @loader_path/Frameworks";
				PRODUCT_BUNDLE_IDENTIFIER = jp.gicon.iBeaconDemoAppUITests;
				PRODUCT_NAME = "$(TARGET_NAME)";
				TEST_TARGET_NAME = iBeaconDemoApp;
				USES_XCTRUNNER = YES;
			};
			name = Debug;
		};
		D42D1CCF1BE1ED7B00B8104F /* Release */ = {
			isa = XCBuildConfiguration;
			buildSettings = {
				INFOPLIST_FILE = iBeaconDemoAppUITests/Info.plist;
				LD_RUNPATH_SEARCH_PATHS = "$(inherited) @executable_path/Frameworks @loader_path/Frameworks";
				PRODUCT_BUNDLE_IDENTIFIER = jp.gicon.iBeaconDemoAppUITests;
				PRODUCT_NAME = "$(TARGET_NAME)";
				TEST_TARGET_NAME = iBeaconDemoApp;
				USES_XCTRUNNER = YES;
			};
			name = Release;
		};
/* End XCBuildConfiguration section */

/* Begin XCConfigurationList section */
		D42D1C9A1BE1ED7A00B8104F /* Build configuration list for PBXProject "iBeaconDemoApp" */ = {
			isa = XCConfigurationList;
			buildConfigurations = (
				D42D1CC51BE1ED7B00B8104F /* Debug */,
				D42D1CC61BE1ED7B00B8104F /* Release */,
			);
			defaultConfigurationIsVisible = 0;
			defaultConfigurationName = Release;
		};
		D42D1CC71BE1ED7B00B8104F /* Build configuration list for PBXNativeTarget "iBeaconDemoApp" */ = {
			isa = XCConfigurationList;
			buildConfigurations = (
				D42D1CC81BE1ED7B00B8104F /* Debug */,
				D42D1CC91BE1ED7B00B8104F /* Release */,
			);
			defaultConfigurationIsVisible = 0;
		};
		D42D1CCA1BE1ED7B00B8104F /* Build configuration list for PBXNativeTarget "iBeaconDemoAppTests" */ = {
			isa = XCConfigurationList;
			buildConfigurations = (
				D42D1CCB1BE1ED7B00B8104F /* Debug */,
				D42D1CCC1BE1ED7B00B8104F /* Release */,
			);
			defaultConfigurationIsVisible = 0;
		};
		D42D1CCD1BE1ED7B00B8104F /* Build configuration list for PBXNativeTarget "iBeaconDemoAppUITests" */ = {
			isa = XCConfigurationList;
			buildConfigurations = (
				D42D1CCE1BE1ED7B00B8104F /* Debug */,
				D42D1CCF1BE1ED7B00B8104F /* Release */,
			);
			defaultConfigurationIsVisible = 0;
		};
/* End XCConfigurationList section */
	};
	rootObject = D42D1C971BE1ED7A00B8104F /* Project object */;
}
